
Microsoft Visual Studio Solution File, Format Version 12.00
# Visual Studio Version 17
VisualStudioVersion = 17.2.32630.192
MinimumVisualStudioVersion = 10.0.40219.1
Project("{FAE04EC0-301F-11D3-BF4B-00C04F79EFBC}") = "CSharpMethodsEX1Console", "CSharpMethodsEX1Console\CSharpMethodsEX1Console.csproj", "{104BEE35-E406-408F-9C22-57EC266AF5B2}"
EndProject
Global
	GlobalSection(SolutionConfigurationPlatforms) = preSolution
		Debug|Any CPU = Debug|Any CPU
		Release|Any CPU = Release|Any CPU
	EndGlobalSection
	GlobalSection(ProjectConfigurationPlatforms) = postSolution
		{104BEE35-E406-408F-9C22-57EC266AF5B2}.Debug|Any CPU.ActiveCfg = Debug|Any CPU
		{104BEE35-E406-408F-9C22-57EC266AF5B2}.Debug|Any CPU.Build.0 = Debug|Any CPU
		{104BEE35-E406-408F-9C22-57EC266AF5B2}.Release|Any CPU.ActiveCfg = Release|Any CPU
		{104BEE35-E406-408F-9C22-57EC266AF5B2}.Release|Any CPU.Build.0 = Release|Any CPU
	EndGlobalSection
	GlobalSection(SolutionProperties) = preSolution
		HideSolutionNode = FALSE
	EndGlobalSection
	GlobalSection(ExtensibilityGlobals) = postSolution
		SolutionGuid = {2740E57B-CA3E-42F6-B50F-1230D7FF79B2}
	EndGlobalSection
EndGlobal
